// !$*UTF8*$!
{
	archiveVersion = 1;
	classes = {
	};
	objectVersion = 55;
	objects = {

/* Begin PBXBuildFile section */
		219428DC27E8E478009E5250 /* Extensions.swift in Sources */ = {isa = PBXBuildFile; fileRef = 219428DB27E8E478009E5250 /* Extensions.swift */; };
		219428FD27E8EC16009E5250 /* art.scnassets in Resources */ = {isa = PBXBuildFile; fileRef = 219428FC27E8EC16009E5250 /* art.scnassets */; };
		27396CC7280A12820034828A /* data.json in Resources */ = {isa = PBXBuildFile; fileRef = 27396CC6280A12820034828A /* data.json */; };
		27396CCC280A218B0034828A /* Models.swift in Sources */ = {isa = PBXBuildFile; fileRef = 27396CCB280A218B0034828A /* Models.swift */; };
		274BC4AD2825BBC7006E533D /* Assets.xcassets in Resources */ = {isa = PBXBuildFile; fileRef = 274BC4AC2825BBC7006E533D /* Assets.xcassets */; };
		27A56C6927F7A67F00322039 /* MainViewController.swift in Sources */ = {isa = PBXBuildFile; fileRef = 27A56C6827F7A67F00322039 /* MainViewController.swift */; };
		27CAC75C27D296A700013FD5 /* AppDelegate.swift in Sources */ = {isa = PBXBuildFile; fileRef = 27CAC75B27D296A700013FD5 /* AppDelegate.swift */; };
		27CAC75E27D296A700013FD5 /* ViewController.swift in Sources */ = {isa = PBXBuildFile; fileRef = 27CAC75D27D296A700013FD5 /* ViewController.swift */; };
		27CAC76827D296AB00013FD5 /* LaunchScreen.storyboard in Resources */ = {isa = PBXBuildFile; fileRef = 27CAC76627D296AB00013FD5 /* LaunchScreen.storyboard */; };
		27CAC77227D296AB00013FD5 /* AnneFrankARTests.swift in Sources */ = {isa = PBXBuildFile; fileRef = 27CAC77127D296AB00013FD5 /* AnneFrankARTests.swift */; };
		27CAC77C27D296AB00013FD5 /* AnneFrankARUITests.swift in Sources */ = {isa = PBXBuildFile; fileRef = 27CAC77B27D296AB00013FD5 /* AnneFrankARUITests.swift */; };
		27CAC77E27D296AB00013FD5 /* AnneFrankARUITestsLaunchTests.swift in Sources */ = {isa = PBXBuildFile; fileRef = 27CAC77D27D296AB00013FD5 /* AnneFrankARUITestsLaunchTests.swift */; };
		842D49FF2840058400F7BCE9 /* BookBlack.png in Resources */ = {isa = PBXBuildFile; fileRef = 842D49FE2840058400F7BCE9 /* BookBlack.png */; };
		842D4A01284021AE00F7BCE9 /* Main.storyboard in Resources */ = {isa = PBXBuildFile; fileRef = 842D4A00284021AE00F7BCE9 /* Main.storyboard */; };
		843E4C202832BAD300103576 /* MainMenu.swift in Sources */ = {isa = PBXBuildFile; fileRef = 843E4C1F2832BAD300103576 /* MainMenu.swift */; };
		843E4C212832BAD300103576 /* MainMenu.swift in Sources */ = {isa = PBXBuildFile; fileRef = 843E4C1F2832BAD300103576 /* MainMenu.swift */; };
		843E4C222832BAD300103576 /* MainMenu.swift in Sources */ = {isa = PBXBuildFile; fileRef = 843E4C1F2832BAD300103576 /* MainMenu.swift */; };
		84984484283E9636006FE056 /* PropagandaLesson.swift in Sources */ = {isa = PBXBuildFile; fileRef = 84984483283E9636006FE056 /* PropagandaLesson.swift */; };
		84CEF4DC2836B3A60087869E /* BurntBookArtifact.swift in Sources */ = {isa = PBXBuildFile; fileRef = 84CEF4DB2836B3A60087869E /* BurntBookArtifact.swift */; };
		84CEF4E6283D3FB90087869E /* videoplayback.mp4 in Resources */ = {isa = PBXBuildFile; fileRef = 84CEF4E5283D3FB90087869E /* videoplayback.mp4 */; };
		84CEF4E8283D44C40087869E /* QuizController.swift in Sources */ = {isa = PBXBuildFile; fileRef = 84CEF4E7283D44C40087869E /* QuizController.swift */; };
		921401FE283EA551003A2DFA /* Assets.xcassets in Resources */ = {isa = PBXBuildFile; fileRef = 921401FC283EA551003A2DFA /* Assets.xcassets */; };
		92140202283ED462003A2DFA /* FireParticle.sks in Resources */ = {isa = PBXBuildFile; fileRef = 92140201283ED462003A2DFA /* FireParticle.sks */; };
		92B0E6242800E009003E33C9 /* VideoView.swift in Sources */ = {isa = PBXBuildFile; fileRef = 92B0E6232800E009003E33C9 /* VideoView.swift */; };
		C96862D72846C68A00FFBD0B /* IMFellGreatPrimer-Regular.ttf in Resources */ = {isa = PBXBuildFile; fileRef = C96862D52846C67000FFBD0B /* IMFellGreatPrimer-Regular.ttf */; };
		C96862D82846C68D00FFBD0B /* IMFellGreatPrimer-Italic.ttf in Resources */ = {isa = PBXBuildFile; fileRef = C96862D62846C67B00FFBD0B /* IMFellGreatPrimer-Italic.ttf */; };
		C96862D92846C68F00FFBD0B /* IMFellGreatPrimerSC-Regular.ttf in Resources */ = {isa = PBXBuildFile; fileRef = C96862D42846C65300FFBD0B /* IMFellGreatPrimerSC-Regular.ttf */; };
		DC1AD04827F75920004EE3BE /* BlendshapesPoster.swift in Sources */ = {isa = PBXBuildFile; fileRef = DC1AD04727F75920004EE3BE /* BlendshapesPoster.swift */; };
/* End PBXBuildFile section */

/* Begin PBXContainerItemProxy section */
		27CAC76E27D296AB00013FD5 /* PBXContainerItemProxy */ = {
			isa = PBXContainerItemProxy;
			containerPortal = 27CAC75027D296A700013FD5 /* Project object */;
			proxyType = 1;
			remoteGlobalIDString = 27CAC75727D296A700013FD5;
			remoteInfo = AnneFrankAR;
		};
		27CAC77827D296AB00013FD5 /* PBXContainerItemProxy */ = {
			isa = PBXContainerItemProxy;
			containerPortal = 27CAC75027D296A700013FD5 /* Project object */;
			proxyType = 1;
			remoteGlobalIDString = 27CAC75727D296A700013FD5;
			remoteInfo = AnneFrankAR;
		};
/* End PBXContainerItemProxy section */

/* Begin PBXFileReference section */
		219428DB27E8E478009E5250 /* Extensions.swift */ = {isa = PBXFileReference; lastKnownFileType = sourcecode.swift; path = Extensions.swift; sourceTree = "<group>"; };
		219428FC27E8EC16009E5250 /* art.scnassets */ = {isa = PBXFileReference; lastKnownFileType = wrapper.scnassets; path = art.scnassets; sourceTree = "<group>"; };
		27396CC6280A12820034828A /* data.json */ = {isa = PBXFileReference; lastKnownFileType = text.json; path = data.json; sourceTree = "<group>"; };
		27396CCB280A218B0034828A /* Models.swift */ = {isa = PBXFileReference; lastKnownFileType = sourcecode.swift; path = Models.swift; sourceTree = "<group>"; };
		274BC4AC2825BBC7006E533D /* Assets.xcassets */ = {isa = PBXFileReference; lastKnownFileType = folder.assetcatalog; path = Assets.xcassets; sourceTree = "<group>"; };
		27A56C6827F7A67F00322039 /* MainViewController.swift */ = {isa = PBXFileReference; lastKnownFileType = sourcecode.swift; path = MainViewController.swift; sourceTree = "<group>"; };
		27CAC75827D296A700013FD5 /* AnneFrankAR.app */ = {isa = PBXFileReference; explicitFileType = wrapper.application; includeInIndex = 0; path = AnneFrankAR.app; sourceTree = BUILT_PRODUCTS_DIR; };
		27CAC75B27D296A700013FD5 /* AppDelegate.swift */ = {isa = PBXFileReference; lastKnownFileType = sourcecode.swift; path = AppDelegate.swift; sourceTree = "<group>"; };
		27CAC75D27D296A700013FD5 /* ViewController.swift */ = {isa = PBXFileReference; lastKnownFileType = sourcecode.swift; path = ViewController.swift; sourceTree = "<group>"; };
		27CAC76727D296AB00013FD5 /* Base */ = {isa = PBXFileReference; lastKnownFileType = file.storyboard; name = Base; path = Base.lproj/LaunchScreen.storyboard; sourceTree = "<group>"; };
		27CAC76D27D296AB00013FD5 /* AnneFrankARTests.xctest */ = {isa = PBXFileReference; explicitFileType = wrapper.cfbundle; includeInIndex = 0; path = AnneFrankARTests.xctest; sourceTree = BUILT_PRODUCTS_DIR; };
		27CAC77127D296AB00013FD5 /* AnneFrankARTests.swift */ = {isa = PBXFileReference; lastKnownFileType = sourcecode.swift; path = AnneFrankARTests.swift; sourceTree = "<group>"; };
		27CAC77727D296AB00013FD5 /* AnneFrankARUITests.xctest */ = {isa = PBXFileReference; explicitFileType = wrapper.cfbundle; includeInIndex = 0; path = AnneFrankARUITests.xctest; sourceTree = BUILT_PRODUCTS_DIR; };
		27CAC77B27D296AB00013FD5 /* AnneFrankARUITests.swift */ = {isa = PBXFileReference; lastKnownFileType = sourcecode.swift; path = AnneFrankARUITests.swift; sourceTree = "<group>"; };
		27CAC77D27D296AB00013FD5 /* AnneFrankARUITestsLaunchTests.swift */ = {isa = PBXFileReference; lastKnownFileType = sourcecode.swift; path = AnneFrankARUITestsLaunchTests.swift; sourceTree = "<group>"; };
		842D49FE2840058400F7BCE9 /* BookBlack.png */ = {isa = PBXFileReference; lastKnownFileType = image.png; path = BookBlack.png; sourceTree = "<group>"; };
		842D4A00284021AE00F7BCE9 /* Main.storyboard */ = {isa = PBXFileReference; fileEncoding = 4; lastKnownFileType = file.storyboard; path = Main.storyboard; sourceTree = "<group>"; };
		843E4C1F2832BAD300103576 /* MainMenu.swift */ = {isa = PBXFileReference; lastKnownFileType = sourcecode.swift; path = MainMenu.swift; sourceTree = "<group>"; };
		84984483283E9636006FE056 /* PropagandaLesson.swift */ = {isa = PBXFileReference; lastKnownFileType = sourcecode.swift; path = PropagandaLesson.swift; sourceTree = "<group>"; };
		84CEF4DB2836B3A60087869E /* BurntBookArtifact.swift */ = {isa = PBXFileReference; lastKnownFileType = sourcecode.swift; path = BurntBookArtifact.swift; sourceTree = "<group>"; };
		84CEF4E5283D3FB90087869E /* videoplayback.mp4 */ = {isa = PBXFileReference; lastKnownFileType = file; path = videoplayback.mp4; sourceTree = "<group>"; };
		84CEF4E7283D44C40087869E /* QuizController.swift */ = {isa = PBXFileReference; lastKnownFileType = sourcecode.swift; path = QuizController.swift; sourceTree = "<group>"; };
		921401FC283EA551003A2DFA /* Assets.xcassets */ = {isa = PBXFileReference; lastKnownFileType = folder.assetcatalog; path = Assets.xcassets; sourceTree = "<group>"; };
		92140201283ED462003A2DFA /* FireParticle.sks */ = {isa = PBXFileReference; lastKnownFileType = file.sks; name = FireParticle.sks; path = art.scnassets/BookBurning/FireParticle.sks; sourceTree = "<group>"; };
		92B0E6232800E009003E33C9 /* VideoView.swift */ = {isa = PBXFileReference; lastKnownFileType = sourcecode.swift; path = VideoView.swift; sourceTree = "<group>"; };
		C96862D42846C65300FFBD0B /* IMFellGreatPrimerSC-Regular.ttf */ = {isa = PBXFileReference; lastKnownFileType = file; path = "IMFellGreatPrimerSC-Regular.ttf"; sourceTree = "<group>"; };
		C96862D52846C67000FFBD0B /* IMFellGreatPrimer-Regular.ttf */ = {isa = PBXFileReference; lastKnownFileType = file; path = "IMFellGreatPrimer-Regular.ttf"; sourceTree = "<group>"; };
		C96862D62846C67B00FFBD0B /* IMFellGreatPrimer-Italic.ttf */ = {isa = PBXFileReference; lastKnownFileType = file; path = "IMFellGreatPrimer-Italic.ttf"; sourceTree = "<group>"; };
		DC1AD04727F75920004EE3BE /* BlendshapesPoster.swift */ = {isa = PBXFileReference; lastKnownFileType = sourcecode.swift; path = BlendshapesPoster.swift; sourceTree = "<group>"; };
/* End PBXFileReference section */

/* Begin PBXFrameworksBuildPhase section */
		27CAC75527D296A700013FD5 /* Frameworks */ = {
			isa = PBXFrameworksBuildPhase;
			buildActionMask = 2147483647;
			files = (
			);
			runOnlyForDeploymentPostprocessing = 0;
		};
		27CAC76A27D296AB00013FD5 /* Frameworks */ = {
			isa = PBXFrameworksBuildPhase;
			buildActionMask = 2147483647;
			files = (
			);
			runOnlyForDeploymentPostprocessing = 0;
		};
		27CAC77427D296AB00013FD5 /* Frameworks */ = {
			isa = PBXFrameworksBuildPhase;
			buildActionMask = 2147483647;
			files = (
			);
			runOnlyForDeploymentPostprocessing = 0;
		};
/* End PBXFrameworksBuildPhase section */

/* Begin PBXGroup section */
		27CAC74F27D296A700013FD5 = {
			isa = PBXGroup;
			children = (
				C96862D32846C64100FFBD0B /* Font */,
				27CAC75A27D296A700013FD5 /* AnneFrankAR */,
				27CAC77027D296AB00013FD5 /* AnneFrankARTests */,
				27CAC77A27D296AB00013FD5 /* AnneFrankARUITests */,
				27CAC75927D296A700013FD5 /* Products */,
			);
			sourceTree = "<group>";
		};
		27CAC75927D296A700013FD5 /* Products */ = {
			isa = PBXGroup;
			children = (
				27CAC75827D296A700013FD5 /* AnneFrankAR.app */,
				27CAC76D27D296AB00013FD5 /* AnneFrankARTests.xctest */,
				27CAC77727D296AB00013FD5 /* AnneFrankARUITests.xctest */,
			);
			name = Products;
			sourceTree = "<group>";
		};
		27CAC75A27D296A700013FD5 /* AnneFrankAR */ = {
			isa = PBXGroup;
			children = (
				84CEF4E9283D8CAB0087869E /* Scripts */,
				274BC4AC2825BBC7006E533D /* Assets.xcassets */,
				842D49FE2840058400F7BCE9 /* BookBlack.png */,
				84CEF4E5283D3FB90087869E /* videoplayback.mp4 */,
				92140201283ED462003A2DFA /* FireParticle.sks */,
				219428FC27E8EC16009E5250 /* art.scnassets */,
				27CAC75D27D296A700013FD5 /* ViewController.swift */,
				27A56C6827F7A67F00322039 /* MainViewController.swift */,
				843E4C1F2832BAD300103576 /* MainMenu.swift */,
				842D4A00284021AE00F7BCE9 /* Main.storyboard */,
				27CAC76627D296AB00013FD5 /* LaunchScreen.storyboard */,
				27396CC6280A12820034828A /* data.json */,
			);
			path = AnneFrankAR;
			sourceTree = "<group>";
		};
		27CAC77027D296AB00013FD5 /* AnneFrankARTests */ = {
			isa = PBXGroup;
			children = (
				27CAC77127D296AB00013FD5 /* AnneFrankARTests.swift */,
			);
			path = AnneFrankARTests;
			sourceTree = "<group>";
		};
		27CAC77A27D296AB00013FD5 /* AnneFrankARUITests */ = {
			isa = PBXGroup;
			children = (
				27CAC77B27D296AB00013FD5 /* AnneFrankARUITests.swift */,
				27CAC77D27D296AB00013FD5 /* AnneFrankARUITestsLaunchTests.swift */,
			);
			path = AnneFrankARUITests;
			sourceTree = "<group>";
		};
		84CEF4E9283D8CAB0087869E /* Scripts */ = {
			isa = PBXGroup;
			children = (
				84984483283E9636006FE056 /* PropagandaLesson.swift */,
				27CAC75B27D296A700013FD5 /* AppDelegate.swift */,
				92B0E6232800E009003E33C9 /* VideoView.swift */,
				DC1AD04727F75920004EE3BE /* BlendshapesPoster.swift */,
				219428DB27E8E478009E5250 /* Extensions.swift */,
				84CEF4E7283D44C40087869E /* QuizController.swift */,
				84CEF4DB2836B3A60087869E /* BurntBookArtifact.swift */,
				27396CCB280A218B0034828A /* Models.swift */,
				921401FC283EA551003A2DFA /* Assets.xcassets */,
			);
			path = Scripts;
			sourceTree = "<group>";
		};
		C96862D32846C64100FFBD0B /* Font */ = {
			isa = PBXGroup;
			children = (
				C96862D52846C67000FFBD0B /* IMFellGreatPrimer-Regular.ttf */,
				C96862D62846C67B00FFBD0B /* IMFellGreatPrimer-Italic.ttf */,
				C96862D42846C65300FFBD0B /* IMFellGreatPrimerSC-Regular.ttf */,
			);
			path = Font;
			sourceTree = "<group>";
		};
/* End PBXGroup section */

/* Begin PBXNativeTarget section */
		27CAC75727D296A700013FD5 /* AnneFrankAR */ = {
			isa = PBXNativeTarget;
			buildConfigurationList = 27CAC78127D296AB00013FD5 /* Build configuration list for PBXNativeTarget "AnneFrankAR" */;
			buildPhases = (
				27CAC75427D296A700013FD5 /* Sources */,
				27CAC75527D296A700013FD5 /* Frameworks */,
				27CAC75627D296A700013FD5 /* Resources */,
			);
			buildRules = (
			);
			dependencies = (
			);
			name = AnneFrankAR;
			productName = AnneFrankAR;
			productReference = 27CAC75827D296A700013FD5 /* AnneFrankAR.app */;
			productType = "com.apple.product-type.application";
		};
		27CAC76C27D296AB00013FD5 /* AnneFrankARTests */ = {
			isa = PBXNativeTarget;
			buildConfigurationList = 27CAC78427D296AB00013FD5 /* Build configuration list for PBXNativeTarget "AnneFrankARTests" */;
			buildPhases = (
				27CAC76927D296AB00013FD5 /* Sources */,
				27CAC76A27D296AB00013FD5 /* Frameworks */,
				27CAC76B27D296AB00013FD5 /* Resources */,
			);
			buildRules = (
			);
			dependencies = (
				27CAC76F27D296AB00013FD5 /* PBXTargetDependency */,
			);
			name = AnneFrankARTests;
			productName = AnneFrankARTests;
			productReference = 27CAC76D27D296AB00013FD5 /* AnneFrankARTests.xctest */;
			productType = "com.apple.product-type.bundle.unit-test";
		};
		27CAC77627D296AB00013FD5 /* AnneFrankARUITests */ = {
			isa = PBXNativeTarget;
			buildConfigurationList = 27CAC78727D296AB00013FD5 /* Build configuration list for PBXNativeTarget "AnneFrankARUITests" */;
			buildPhases = (
				27CAC77327D296AB00013FD5 /* Sources */,
				27CAC77427D296AB00013FD5 /* Frameworks */,
				27CAC77527D296AB00013FD5 /* Resources */,
			);
			buildRules = (
			);
			dependencies = (
				27CAC77927D296AB00013FD5 /* PBXTargetDependency */,
			);
			name = AnneFrankARUITests;
			productName = AnneFrankARUITests;
			productReference = 27CAC77727D296AB00013FD5 /* AnneFrankARUITests.xctest */;
			productType = "com.apple.product-type.bundle.ui-testing";
		};
/* End PBXNativeTarget section */

/* Begin PBXProject section */
		27CAC75027D296A700013FD5 /* Project object */ = {
			isa = PBXProject;
			attributes = {
				BuildIndependentTargetsInParallel = 1;
				LastSwiftUpdateCheck = 1310;
				LastUpgradeCheck = 1310;
				TargetAttributes = {
					27CAC75727D296A700013FD5 = {
						CreatedOnToolsVersion = 13.1;
					};
					27CAC76C27D296AB00013FD5 = {
						CreatedOnToolsVersion = 13.1;
						TestTargetID = 27CAC75727D296A700013FD5;
					};
					27CAC77627D296AB00013FD5 = {
						CreatedOnToolsVersion = 13.1;
						TestTargetID = 27CAC75727D296A700013FD5;
					};
				};
			};
			buildConfigurationList = 27CAC75327D296A700013FD5 /* Build configuration list for PBXProject "AnneFrankAR" */;
			compatibilityVersion = "Xcode 13.0";
			developmentRegion = en;
			hasScannedForEncodings = 0;
			knownRegions = (
				en,
				Base,
			);
			mainGroup = 27CAC74F27D296A700013FD5;
			productRefGroup = 27CAC75927D296A700013FD5 /* Products */;
			projectDirPath = "";
			projectRoot = "";
			targets = (
				27CAC75727D296A700013FD5 /* AnneFrankAR */,
				27CAC76C27D296AB00013FD5 /* AnneFrankARTests */,
				27CAC77627D296AB00013FD5 /* AnneFrankARUITests */,
			);
		};
/* End PBXProject section */

/* Begin PBXResourcesBuildPhase section */
		27CAC75627D296A700013FD5 /* Resources */ = {
			isa = PBXResourcesBuildPhase;
			buildActionMask = 2147483647;
			files = (
				27CAC76827D296AB00013FD5 /* LaunchScreen.storyboard in Resources */,
				92140202283ED462003A2DFA /* FireParticle.sks in Resources */,
				219428FD27E8EC16009E5250 /* art.scnassets in Resources */,
				27396CC7280A12820034828A /* data.json in Resources */,
				842D49FF2840058400F7BCE9 /* BookBlack.png in Resources */,
				C96862D72846C68A00FFBD0B /* IMFellGreatPrimer-Regular.ttf in Resources */,
				84CEF4E6283D3FB90087869E /* videoplayback.mp4 in Resources */,
				842D4A01284021AE00F7BCE9 /* Main.storyboard in Resources */,
				921401FE283EA551003A2DFA /* Assets.xcassets in Resources */,
				C96862D82846C68D00FFBD0B /* IMFellGreatPrimer-Italic.ttf in Resources */,
				274BC4AD2825BBC7006E533D /* Assets.xcassets in Resources */,
				C96862D92846C68F00FFBD0B /* IMFellGreatPrimerSC-Regular.ttf in Resources */,
			);
			runOnlyForDeploymentPostprocessing = 0;
		};
		27CAC76B27D296AB00013FD5 /* Resources */ = {
			isa = PBXResourcesBuildPhase;
			buildActionMask = 2147483647;
			files = (
			);
			runOnlyForDeploymentPostprocessing = 0;
		};
		27CAC77527D296AB00013FD5 /* Resources */ = {
			isa = PBXResourcesBuildPhase;
			buildActionMask = 2147483647;
			files = (
			);
			runOnlyForDeploymentPostprocessing = 0;
		};
/* End PBXResourcesBuildPhase section */

/* Begin PBXSourcesBuildPhase section */
		27CAC75427D296A700013FD5 /* Sources */ = {
			isa = PBXSourcesBuildPhase;
			buildActionMask = 2147483647;
			files = (
				92B0E6242800E009003E33C9 /* VideoView.swift in Sources */,
				84984484283E9636006FE056 /* PropagandaLesson.swift in Sources */,
				843E4C202832BAD300103576 /* MainMenu.swift in Sources */,
				84CEF4E8283D44C40087869E /* QuizController.swift in Sources */,
				27CAC75E27D296A700013FD5 /* ViewController.swift in Sources */,
				27396CCC280A218B0034828A /* Models.swift in Sources */,
				DC1AD04827F75920004EE3BE /* BlendshapesPoster.swift in Sources */,
				27A56C6927F7A67F00322039 /* MainViewController.swift in Sources */,
				27CAC75C27D296A700013FD5 /* AppDelegate.swift in Sources */,
				84CEF4DC2836B3A60087869E /* BurntBookArtifact.swift in Sources */,
				219428DC27E8E478009E5250 /* Extensions.swift in Sources */,
			);
			runOnlyForDeploymentPostprocessing = 0;
		};
		27CAC76927D296AB00013FD5 /* Sources */ = {
			isa = PBXSourcesBuildPhase;
			buildActionMask = 2147483647;
			files = (
				27CAC77227D296AB00013FD5 /* AnneFrankARTests.swift in Sources */,
				843E4C212832BAD300103576 /* MainMenu.swift in Sources */,
			);
			runOnlyForDeploymentPostprocessing = 0;
		};
		27CAC77327D296AB00013FD5 /* Sources */ = {
			isa = PBXSourcesBuildPhase;
			buildActionMask = 2147483647;
			files = (
				27CAC77E27D296AB00013FD5 /* AnneFrankARUITestsLaunchTests.swift in Sources */,
				843E4C222832BAD300103576 /* MainMenu.swift in Sources */,
				27CAC77C27D296AB00013FD5 /* AnneFrankARUITests.swift in Sources */,
			);
			runOnlyForDeploymentPostprocessing = 0;
		};
/* End PBXSourcesBuildPhase section */

/* Begin PBXTargetDependency section */
		27CAC76F27D296AB00013FD5 /* PBXTargetDependency */ = {
			isa = PBXTargetDependency;
			target = 27CAC75727D296A700013FD5 /* AnneFrankAR */;
			targetProxy = 27CAC76E27D296AB00013FD5 /* PBXContainerItemProxy */;
		};
		27CAC77927D296AB00013FD5 /* PBXTargetDependency */ = {
			isa = PBXTargetDependency;
			target = 27CAC75727D296A700013FD5 /* AnneFrankAR */;
			targetProxy = 27CAC77827D296AB00013FD5 /* PBXContainerItemProxy */;
		};
/* End PBXTargetDependency section */

/* Begin PBXVariantGroup section */
		27CAC76627D296AB00013FD5 /* LaunchScreen.storyboard */ = {
			isa = PBXVariantGroup;
			children = (
				27CAC76727D296AB00013FD5 /* Base */,
			);
			name = LaunchScreen.storyboard;
			sourceTree = "<group>";
		};
/* End PBXVariantGroup section */

/* Begin XCBuildConfiguration section */
		27CAC77F27D296AB00013FD5 /* Debug */ = {
			isa = XCBuildConfiguration;
			buildSettings = {
				ALWAYS_SEARCH_USER_PATHS = NO;
				CLANG_ANALYZER_NONNULL = YES;
				CLANG_ANALYZER_NUMBER_OBJECT_CONVERSION = YES_AGGRESSIVE;
				CLANG_CXX_LANGUAGE_STANDARD = "gnu++17";
				CLANG_CXX_LIBRARY = "libc++";
				CLANG_ENABLE_MODULES = YES;
				CLANG_ENABLE_OBJC_ARC = YES;
				CLANG_ENABLE_OBJC_WEAK = YES;
				CLANG_WARN_BLOCK_CAPTURE_AUTORELEASING = YES;
				CLANG_WARN_BOOL_CONVERSION = YES;
				CLANG_WARN_COMMA = YES;
				CLANG_WARN_CONSTANT_CONVERSION = YES;
				CLANG_WARN_DEPRECATED_OBJC_IMPLEMENTATIONS = YES;
				CLANG_WARN_DIRECT_OBJC_ISA_USAGE = YES_ERROR;
				CLANG_WARN_DOCUMENTATION_COMMENTS = YES;
				CLANG_WARN_EMPTY_BODY = YES;
				CLANG_WARN_ENUM_CONVERSION = YES;
				CLANG_WARN_INFINITE_RECURSION = YES;
				CLANG_WARN_INT_CONVERSION = YES;
				CLANG_WARN_NON_LITERAL_NULL_CONVERSION = YES;
				CLANG_WARN_OBJC_IMPLICIT_RETAIN_SELF = YES;
				CLANG_WARN_OBJC_LITERAL_CONVERSION = YES;
				CLANG_WARN_OBJC_ROOT_CLASS = YES_ERROR;
				CLANG_WARN_QUOTED_INCLUDE_IN_FRAMEWORK_HEADER = YES;
				CLANG_WARN_RANGE_LOOP_ANALYSIS = YES;
				CLANG_WARN_STRICT_PROTOTYPES = YES;
				CLANG_WARN_SUSPICIOUS_MOVE = YES;
				CLANG_WARN_UNGUARDED_AVAILABILITY = YES_AGGRESSIVE;
				CLANG_WARN_UNREACHABLE_CODE = YES;
				CLANG_WARN__DUPLICATE_METHOD_MATCH = YES;
				COPY_PHASE_STRIP = NO;
				DEBUG_INFORMATION_FORMAT = dwarf;
				ENABLE_STRICT_OBJC_MSGSEND = YES;
				ENABLE_TESTABILITY = YES;
				GCC_C_LANGUAGE_STANDARD = gnu11;
				GCC_DYNAMIC_NO_PIC = NO;
				GCC_NO_COMMON_BLOCKS = YES;
				GCC_OPTIMIZATION_LEVEL = 0;
				GCC_PREPROCESSOR_DEFINITIONS = (
					"DEBUG=1",
					"$(inherited)",
				);
				GCC_WARN_64_TO_32_BIT_CONVERSION = YES;
				GCC_WARN_ABOUT_RETURN_TYPE = YES_ERROR;
				GCC_WARN_UNDECLARED_SELECTOR = YES;
				GCC_WARN_UNINITIALIZED_AUTOS = YES_AGGRESSIVE;
				GCC_WARN_UNUSED_FUNCTION = YES;
				GCC_WARN_UNUSED_VARIABLE = YES;
				IPHONEOS_DEPLOYMENT_TARGET = 15.0;
				MTL_ENABLE_DEBUG_INFO = INCLUDE_SOURCE;
				MTL_FAST_MATH = YES;
				ONLY_ACTIVE_ARCH = YES;
				SDKROOT = iphoneos;
				SWIFT_ACTIVE_COMPILATION_CONDITIONS = DEBUG;
				SWIFT_OPTIMIZATION_LEVEL = "-Onone";
			};
			name = Debug;
		};
		27CAC78027D296AB00013FD5 /* Release */ = {
			isa = XCBuildConfiguration;
			buildSettings = {
				ALWAYS_SEARCH_USER_PATHS = NO;
				CLANG_ANALYZER_NONNULL = YES;
				CLANG_ANALYZER_NUMBER_OBJECT_CONVERSION = YES_AGGRESSIVE;
				CLANG_CXX_LANGUAGE_STANDARD = "gnu++17";
				CLANG_CXX_LIBRARY = "libc++";
				CLANG_ENABLE_MODULES = YES;
				CLANG_ENABLE_OBJC_ARC = YES;
				CLANG_ENABLE_OBJC_WEAK = YES;
				CLANG_WARN_BLOCK_CAPTURE_AUTORELEASING = YES;
				CLANG_WARN_BOOL_CONVERSION = YES;
				CLANG_WARN_COMMA = YES;
				CLANG_WARN_CONSTANT_CONVERSION = YES;
				CLANG_WARN_DEPRECATED_OBJC_IMPLEMENTATIONS = YES;
				CLANG_WARN_DIRECT_OBJC_ISA_USAGE = YES_ERROR;
				CLANG_WARN_DOCUMENTATION_COMMENTS = YES;
				CLANG_WARN_EMPTY_BODY = YES;
				CLANG_WARN_ENUM_CONVERSION = YES;
				CLANG_WARN_INFINITE_RECURSION = YES;
				CLANG_WARN_INT_CONVERSION = YES;
				CLANG_WARN_NON_LITERAL_NULL_CONVERSION = YES;
				CLANG_WARN_OBJC_IMPLICIT_RETAIN_SELF = YES;
				CLANG_WARN_OBJC_LITERAL_CONVERSION = YES;
				CLANG_WARN_OBJC_ROOT_CLASS = YES_ERROR;
				CLANG_WARN_QUOTED_INCLUDE_IN_FRAMEWORK_HEADER = YES;
				CLANG_WARN_RANGE_LOOP_ANALYSIS = YES;
				CLANG_WARN_STRICT_PROTOTYPES = YES;
				CLANG_WARN_SUSPICIOUS_MOVE = YES;
				CLANG_WARN_UNGUARDED_AVAILABILITY = YES_AGGRESSIVE;
				CLANG_WARN_UNREACHABLE_CODE = YES;
				CLANG_WARN__DUPLICATE_METHOD_MATCH = YES;
				COPY_PHASE_STRIP = NO;
				DEBUG_INFORMATION_FORMAT = "dwarf-with-dsym";
				ENABLE_NS_ASSERTIONS = NO;
				ENABLE_STRICT_OBJC_MSGSEND = YES;
				GCC_C_LANGUAGE_STANDARD = gnu11;
				GCC_NO_COMMON_BLOCKS = YES;
				GCC_WARN_64_TO_32_BIT_CONVERSION = YES;
				GCC_WARN_ABOUT_RETURN_TYPE = YES_ERROR;
				GCC_WARN_UNDECLARED_SELECTOR = YES;
				GCC_WARN_UNINITIALIZED_AUTOS = YES_AGGRESSIVE;
				GCC_WARN_UNUSED_FUNCTION = YES;
				GCC_WARN_UNUSED_VARIABLE = YES;
				IPHONEOS_DEPLOYMENT_TARGET = 15.0;
				MTL_ENABLE_DEBUG_INFO = NO;
				MTL_FAST_MATH = YES;
				SDKROOT = iphoneos;
				SWIFT_COMPILATION_MODE = wholemodule;
				SWIFT_OPTIMIZATION_LEVEL = "-O";
				VALIDATE_PRODUCT = YES;
			};
			name = Release;
		};
		27CAC78227D296AB00013FD5 /* Debug */ = {
			isa = XCBuildConfiguration;
			buildSettings = {
				ASSETCATALOG_COMPILER_APPICON_NAME = AppIcon;
				ASSETCATALOG_COMPILER_GLOBAL_ACCENT_COLOR_NAME = AccentColor;
				CODE_SIGN_IDENTITY = "Apple Development";
				CODE_SIGN_STYLE = Automatic;
				CURRENT_PROJECT_VERSION = 1;
				DEVELOPMENT_TEAM = T9MQMG8LLF;
				GENERATE_INFOPLIST_FILE = YES;
				INFOPLIST_FILE = AnneFrankAR/Info.plist;
				INFOPLIST_KEY_NSBluetoothAlwaysUsageDescription = "We scan for beacons";
				INFOPLIST_KEY_NSCameraUsageDescription = "";
				INFOPLIST_KEY_UIApplicationSupportsIndirectInputEvents = YES;
				INFOPLIST_KEY_UILaunchStoryboardName = LaunchScreen;
				INFOPLIST_KEY_UIMainStoryboardFile = Main;
				INFOPLIST_KEY_UIRequiredDeviceCapabilities = arkit;
				INFOPLIST_KEY_UIRequiresFullScreen = YES;
				INFOPLIST_KEY_UIStatusBarHidden = YES;
				INFOPLIST_KEY_UISupportedInterfaceOrientations_iPad = "UIInterfaceOrientationPortrait UIInterfaceOrientationPortraitUpsideDown UIInterfaceOrientationLandscapeLeft UIInterfaceOrientationLandscapeRight";
				INFOPLIST_KEY_UISupportedInterfaceOrientations_iPhone = "UIInterfaceOrientationPortrait UIInterfaceOrientationLandscapeLeft UIInterfaceOrientationLandscapeRight";
				LD_RUNPATH_SEARCH_PATHS = (
					"$(inherited)",
					"@executable_path/Frameworks",
				);
				MARKETING_VERSION = 1.0;
				PRODUCT_BUNDLE_IDENTIFIER = GIMM.anneFrank.8968687;
				PRODUCT_NAME = "$(TARGET_NAME)";
				PROVISIONING_PROFILE_SPECIFIER = "";
				SWIFT_EMIT_LOC_STRINGS = YES;
				SWIFT_VERSION = 5.0;
				TARGETED_DEVICE_FAMILY = "1,2";
			};
			name = Debug;
		};
		27CAC78327D296AB00013FD5 /* Release */ = {
			isa = XCBuildConfiguration;
			buildSettings = {
				ASSETCATALOG_COMPILER_APPICON_NAME = AppIcon;
				ASSETCATALOG_COMPILER_GLOBAL_ACCENT_COLOR_NAME = AccentColor;
				CODE_SIGN_IDENTITY = "Apple Development";
				CODE_SIGN_STYLE = Automatic;
				CURRENT_PROJECT_VERSION = 1;
				DEVELOPMENT_TEAM = T9MQMG8LLF;
				GENERATE_INFOPLIST_FILE = YES;
				INFOPLIST_FILE = AnneFrankAR/Info.plist;
				INFOPLIST_KEY_NSBluetoothAlwaysUsageDescription = "We scan for beacons";
				INFOPLIST_KEY_NSCameraUsageDescription = "";
				INFOPLIST_KEY_UIApplicationSupportsIndirectInputEvents = YES;
				INFOPLIST_KEY_UILaunchStoryboardName = LaunchScreen;
				INFOPLIST_KEY_UIMainStoryboardFile = Main;
				INFOPLIST_KEY_UIRequiredDeviceCapabilities = arkit;
				INFOPLIST_KEY_UIRequiresFullScreen = YES;
				INFOPLIST_KEY_UIStatusBarHidden = YES;
				INFOPLIST_KEY_UISupportedInterfaceOrientations_iPad = "UIInterfaceOrientationPortrait UIInterfaceOrientationPortraitUpsideDown UIInterfaceOrientationLandscapeLeft UIInterfaceOrientationLandscapeRight";
				INFOPLIST_KEY_UISupportedInterfaceOrientations_iPhone = "UIInterfaceOrientationPortrait UIInterfaceOrientationLandscapeLeft UIInterfaceOrientationLandscapeRight";
				LD_RUNPATH_SEARCH_PATHS = (
					"$(inherited)",
					"@executable_path/Frameworks",
				);
				MARKETING_VERSION = 1.0;
				PRODUCT_BUNDLE_IDENTIFIER = GIMM.anneFrank.8968687;
				PRODUCT_NAME = "$(TARGET_NAME)";
				PROVISIONING_PROFILE_SPECIFIER = "";
				SWIFT_EMIT_LOC_STRINGS = YES;
				SWIFT_VERSION = 5.0;
				TARGETED_DEVICE_FAMILY = "1,2";
			};
			name = Release;
		};
		27CAC78527D296AB00013FD5 /* Debug */ = {
			isa = XCBuildConfiguration;
			buildSettings = {
				ALWAYS_EMBED_SWIFT_STANDARD_LIBRARIES = YES;
				BUNDLE_LOADER = "$(TEST_HOST)";
				CODE_SIGN_STYLE = Automatic;
				CURRENT_PROJECT_VERSION = 1;
				GENERATE_INFOPLIST_FILE = YES;
				IPHONEOS_DEPLOYMENT_TARGET = 15.0;
				LD_RUNPATH_SEARCH_PATHS = (
					"$(inherited)",
					"@executable_path/Frameworks",
					"@loader_path/Frameworks",
				);
				MARKETING_VERSION = 1.0;
				PRODUCT_BUNDLE_IDENTIFIER = GIMM.AnneFrankARTests;
				PRODUCT_NAME = "$(TARGET_NAME)";
				SWIFT_EMIT_LOC_STRINGS = NO;
				SWIFT_VERSION = 5.0;
				TARGETED_DEVICE_FAMILY = "1,2";
				TEST_HOST = "$(BUILT_PRODUCTS_DIR)/AnneFrankAR.app/AnneFrankAR";
			};
			name = Debug;
		};
		27CAC78627D296AB00013FD5 /* Release */ = {
			isa = XCBuildConfiguration;
			buildSettings = {
				ALWAYS_EMBED_SWIFT_STANDARD_LIBRARIES = YES;
				BUNDLE_LOADER = "$(TEST_HOST)";
				CODE_SIGN_STYLE = Automatic;
				CURRENT_PROJECT_VERSION = 1;
				GENERATE_INFOPLIST_FILE = YES;
				IPHONEOS_DEPLOYMENT_TARGET = 15.0;
				LD_RUNPATH_SEARCH_PATHS = (
					"$(inherited)",
					"@executable_path/Frameworks",
					"@loader_path/Frameworks",
				);
				MARKETING_VERSION = 1.0;
				PRODUCT_BUNDLE_IDENTIFIER = GIMM.AnneFrankARTests;
				PRODUCT_NAME = "$(TARGET_NAME)";
				SWIFT_EMIT_LOC_STRINGS = NO;
				SWIFT_VERSION = 5.0;
				TARGETED_DEVICE_FAMILY = "1,2";
				TEST_HOST = "$(BUILT_PRODUCTS_DIR)/AnneFrankAR.app/AnneFrankAR";
			};
			name = Release;
		};
		27CAC78827D296AB00013FD5 /* Debug */ = {
			isa = XCBuildConfiguration;
			buildSettings = {
				ALWAYS_EMBED_SWIFT_STANDARD_LIBRARIES = YES;
				CODE_SIGN_STYLE = Automatic;
				CURRENT_PROJECT_VERSION = 1;
				GENERATE_INFOPLIST_FILE = YES;
				LD_RUNPATH_SEARCH_PATHS = (
					"$(inherited)",
					"@executable_path/Frameworks",
					"@loader_path/Frameworks",
				);
				MARKETING_VERSION = 1.0;
				PRODUCT_BUNDLE_IDENTIFIER = GIMM.AnneFrankARUITests;
				PRODUCT_NAME = "$(TARGET_NAME)";
				SWIFT_EMIT_LOC_STRINGS = NO;
				SWIFT_VERSION = 5.0;
				TARGETED_DEVICE_FAMILY = "1,2";
				TEST_TARGET_NAME = AnneFrankAR;
			};
			name = Debug;
		};
		27CAC78927D296AB00013FD5 /* Release */ = {
			isa = XCBuildConfiguration;
			buildSettings = {
				ALWAYS_EMBED_SWIFT_STANDARD_LIBRARIES = YES;
				CODE_SIGN_STYLE = Automatic;
				CURRENT_PROJECT_VERSION = 1;
				GENERATE_INFOPLIST_FILE = YES;
				LD_RUNPATH_SEARCH_PATHS = (
					"$(inherited)",
					"@executable_path/Frameworks",
					"@loader_path/Frameworks",
				);
				MARKETING_VERSION = 1.0;
				PRODUCT_BUNDLE_IDENTIFIER = GIMM.AnneFrankARUITests;
				PRODUCT_NAME = "$(TARGET_NAME)";
				SWIFT_EMIT_LOC_STRINGS = NO;
				SWIFT_VERSION = 5.0;
				TARGETED_DEVICE_FAMILY = "1,2";
				TEST_TARGET_NAME = AnneFrankAR;
			};
			name = Release;
		};
/* End XCBuildConfiguration section */

/* Begin XCConfigurationList section */
		27CAC75327D296A700013FD5 /* Build configuration list for PBXProject "AnneFrankAR" */ = {
			isa = XCConfigurationList;
			buildConfigurations = (
				27CAC77F27D296AB00013FD5 /* Debug */,
				27CAC78027D296AB00013FD5 /* Release */,
			);
			defaultConfigurationIsVisible = 0;
			defaultConfigurationName = Release;
		};
		27CAC78127D296AB00013FD5 /* Build configuration list for PBXNativeTarget "AnneFrankAR" */ = {
			isa = XCConfigurationList;
			buildConfigurations = (
				27CAC78227D296AB00013FD5 /* Debug */,
				27CAC78327D296AB00013FD5 /* Release */,
			);
			defaultConfigurationIsVisible = 0;
			defaultConfigurationName = Release;
		};
		27CAC78427D296AB00013FD5 /* Build configuration list for PBXNativeTarget "AnneFrankARTests" */ = {
			isa = XCConfigurationList;
			buildConfigurations = (
				27CAC78527D296AB00013FD5 /* Debug */,
				27CAC78627D296AB00013FD5 /* Release */,
			);
			defaultConfigurationIsVisible = 0;
			defaultConfigurationName = Release;
		};
		27CAC78727D296AB00013FD5 /* Build configuration list for PBXNativeTarget "AnneFrankARUITests" */ = {
			isa = XCConfigurationList;
			buildConfigurations = (
				27CAC78827D296AB00013FD5 /* Debug */,
				27CAC78927D296AB00013FD5 /* Release */,
			);
			defaultConfigurationIsVisible = 0;
			defaultConfigurationName = Release;
		};
/* End XCConfigurationList section */
	};
	rootObject = 27CAC75027D296A700013FD5 /* Project object */;
}
